lockfileVersion: '6.0'

settings:
  autoInstallPeers: true
  excludeLinksFromLockfile: false

dependencies:
  dbdiff:
    specifier: https://github.com/snppla/dbdiff.git
    version: github.com/snppla/dbdiff/0b88d959761f8535813488b84b48b4bed5918e9c
  jsonschema:
    specifier: ^1.4.1
    version: 1.4.1
  prettier:
    specifier: 2.8.4
    version: 2.8.4
  tmp:
    specifier: ^0.2.1
    version: 0.2.1
  typescript-json-schema:
    specifier: ^0.54.0
    version: 0.54.0

devDependencies:
  '@types/prettier':
    specifier: 2.7.2
    version: 2.7.2
  '@types/tmp':
    specifier: ^0.2.3
    version: 0.2.6
  husky:
    specifier: ^8.0.1
    version: 8.0.3
  lint-staged:
    specifier: ^13.0.3
    version: 13.3.0

packages:

  /@cspotcode/source-map-support@0.8.1:
    resolution: {integrity: sha512-IchNf6dN4tHoMFIn/7OE8LWZ19Y6q/67Bmf6vnGREv8RSbBVb9LPJxEcnwrcwX6ixSvaiGoomAUvu4YSxXrVgw==}
    engines: {node: '>=12'}
    dependencies:
      '@jridgewell/trace-mapping': 0.3.9
    dev: false

  /@jridgewell/resolve-uri@3.1.1:
    resolution: {integrity: sha512-dSYZh7HhCDtCKm4QakX0xFpsRDqjjtZf/kjI/v3T3Nwt5r8/qz/M19F9ySyOqU94SXBmeG9ttTul+YnR4LOxFA==}
    engines: {node: '>=6.0.0'}
    dev: false

  /@jridgewell/sourcemap-codec@1.4.15:
    resolution: {integrity: sha512-eF2rxCRulEKXHTRiDrDy6erMYWqNw4LPdQ8UQA4huuxaQsVeRPFl2oM8oDGxMFhJUWZf9McpLtJasDDZb/Bpeg==}
    dev: false

  /@jridgewell/trace-mapping@0.3.9:
    resolution: {integrity: sha512-3Belt6tdc8bPgAtbcmdtNJlirVoTmEb5e2gC94PnkwEW9jI6CAHUeoG85tjWP5WquqfavoMtMwiG4P926ZKKuQ==}
    dependencies:
      '@jridgewell/resolve-uri': 3.1.1
      '@jridgewell/sourcemap-codec': 1.4.15
    dev: false

  /@tsconfig/node10@1.0.9:
    resolution: {integrity: sha512-jNsYVVxU8v5g43Erja32laIDHXeoNvFEpX33OK4d6hljo3jDhCBDhx5dhCCTMWUojscpAagGiRkBKxpdl9fxqA==}
    dev: false

  /@tsconfig/node12@1.0.11:
    resolution: {integrity: sha512-cqefuRsh12pWyGsIoBKJA9luFu3mRxCA+ORZvA4ktLSzIuCUtWVxGIuXigEwO5/ywWFMZ2QEGKWvkZG1zDMTag==}
    dev: false

  /@tsconfig/node14@1.0.3:
    resolution: {integrity: sha512-ysT8mhdixWK6Hw3i1V2AeRqZ5WfXg1G43mqoYlM2nc6388Fq5jcXyr5mRsqViLx/GJYdoL0bfXD8nmF+Zn/Iow==}
    dev: false

  /@tsconfig/node16@1.0.4:
    resolution: {integrity: sha512-vxhUy4J8lyeyinH7Azl1pdd43GJhZH/tP2weN8TntQblOY+A0XbT8DJk1/oCPuOOyg/Ja757rG0CgHcWC8OfMA==}
    dev: false

  /@types/json-schema@7.0.15:
    resolution: {integrity: sha512-5+fP8P8MFNC+AyZCDxrB2pkZFPGzqQWUzpSeuuVLvm8VMcorNYavBqoFcxK8bQz4Qsbn4oUEEem4wDLfcysGHA==}
    dev: false

  /@types/node@16.18.79:
    resolution: {integrity: sha512-Qd7jdLR5zmnIyMhfDrfPqN5tUCvreVpP3Qrf2oSM+F7SNzlb/MwHISGUkdFHtevfkPJ3iAGyeQI/jsbh9EStgQ==}
    dev: false

  /@types/prettier@2.7.2:
    resolution: {integrity: sha512-KufADq8uQqo1pYKVIYzfKbJfBAc0sOeXqGbFaSpv8MRmC/zXgowNZmFcbngndGk922QDmOASEXUZCaY48gs4cg==}
    dev: true

  /@types/tmp@0.2.6:
    resolution: {integrity: sha512-chhaNf2oKHlRkDGt+tiKE2Z5aJ6qalm7Z9rlLdBwmOiAAf09YQvvoLXjWK4HWPF1xU/fqvMgfNfpVoBscA/tKA==}
    dev: true

  /acorn-walk@8.3.2:
    resolution: {integrity: sha512-cjkyv4OtNCIeqhHrfS81QWXoCBPExR/J62oyEqepVw8WaQeSqpW2uhuLPh1m9eWhDuOo/jUXVTlifvesOWp/4A==}
    engines: {node: '>=0.4.0'}
    dev: false

  /acorn@8.11.3:
    resolution: {integrity: sha512-Y9rRfJG5jcKOE0CLisYbojUjIrIEE7AGMzA/Sm4BslANhbS+cDMpgBdcPT91oJ7OuJ9hYJBx59RjbhxVnrF8Xg==}
    engines: {node: '>=0.4.0'}
    hasBin: true
    dev: false

  /ansi-escapes@5.0.0:
    resolution: {integrity: sha512-5GFMVX8HqE/TB+FuBJGuO5XG0WrsA6ptUqoODaT/n9mmUaZFkqnBueB4leqGBCmrUHnCnC4PCZTCd0E7QQ83bA==}
    engines: {node: '>=12'}
    dependencies:
      type-fest: 1.4.0
    dev: true

  /ansi-regex@2.1.1:
    resolution: {integrity: sha512-TIGnTpdo+E3+pCyAluZvtED5p5wCqLdezCyhPZzKPcxvFplEt4i+W7OONCKgeZFT3+y5NZZfOOS/Bdcanm1MYA==}
    engines: {node: '>=0.10.0'}
    dev: false

  /ansi-regex@5.0.1:
    resolution: {integrity: sha512-quJQXlTSUGL2LH9SUXo8VwsY4soanhgo6LNSm84E1LBcE8s3O0wpdiRzyR9z/ZZJMlMWv37qOOb9pdJlMUEKFQ==}
    engines: {node: '>=8'}
    dev: false

  /ansi-regex@6.0.1:
    resolution: {integrity: sha512-n5M855fKb2SsfMIiFFoVrABHJC8QtHwVx+mHWP3QcEqBHYienj5dHSgjbxtC0WEZXYt4wcD6zrQElDPhFuZgfA==}
    engines: {node: '>=12'}
    dev: true

  /ansi-styles@4.3.0:
    resolution: {integrity: sha512-zbB9rCJAT1rbjiVDb2hqKFHNYLxgtk8NURxZ3IZwD3F6NtxbXZQCnnSi1Lkx+IDohdPlFp222wVALIheZJQSEg==}
    engines: {node: '>=8'}
    dependencies:
      color-convert: 2.0.1
    dev: false

  /ansi-styles@6.2.1:
    resolution: {integrity: sha512-bN798gFfQX+viw3R7yrGWRqnrN2oRkEkUjjl4JNn4E8GxxbjtG3FbrEIIY3l8/hrwUwIeCZvi4QuOTP4MErVug==}
    engines: {node: '>=12'}
    dev: true

  /arg@4.1.3:
    resolution: {integrity: sha512-58S9QDqG0Xx27YwPSt9fJxivjYl432YCwfDMfZ+71RAqUrZef7LrKQZ3LHLOwCS4FLNBplP533Zx895SeOCHvA==}
    dev: false

  /balanced-match@1.0.2:
    resolution: {integrity: sha512-3oSeUO0TMV67hN1AmbXsK4yaqU7tjiHlbxRDZOpH0KW9+CeX4bRAaX0Anxt0tx2MrpRpWwQaPwIlISEJhYU5Pw==}
    dev: false

  /bignumber.js@9.0.0:
    resolution: {integrity: sha512-t/OYhhJ2SD+YGBQcjY8GzzDHEk9f3nerxjtfa6tlMXfe7frs/WozhvCNoGvpM0P3bNf3Gq5ZRMlGr5f3r4/N8A==}
    dev: false

  /brace-expansion@1.1.11:
    resolution: {integrity: sha512-iCuPHDFgrHX7H2vEI/5xpz07zSHB00TpugqhmYtVmMO6518mCuRMoOYFldEBl0g187ufozdaHgWKcYFb61qGiA==}
    dependencies:
      balanced-match: 1.0.2
      concat-map: 0.0.1
    dev: false

  /braces@3.0.2:
    resolution: {integrity: sha512-b8um+L1RzM3WDSzvhm6gIz1yfTbBt6YTlcEKAvsmqCZZFw46z626lVj9j1yEPW33H5H+lBQpZMP1k8l+78Ha0A==}
    engines: {node: '>=8'}
    dependencies:
      fill-range: 7.0.1
    dev: true

  /buffer-writer@1.0.1:
    resolution: {integrity: sha512-I5M7UuSeDn5aQR2BSH2+270w9qdd2Rd5LB/XhTcIRdSmeLueMNlY3BaMoHtoASmjEQf/NOAqMIZaoAMSpomW6w==}
    dev: false

  /camelcase@2.1.1:
    resolution: {integrity: sha512-DLIsRzJVBQu72meAKPkWQOLcujdXT32hwdfnkI1frSiSRMK1MofjKHf+MEx0SB6fjEFXL8fBDv1dKymBlOp4Qw==}
    engines: {node: '>=0.10.0'}
    dev: false

  /chalk@5.3.0:
    resolution: {integrity: sha512-dLitG79d+GV1Nb/VYcCDFivJeK1hiukt9QjRNVOsUtTy1rR1YJsmpGGTZ3qJos+uw7WmWF4wUwBd9jxjocFC2w==}
    engines: {node: ^12.17.0 || ^14.13 || >=16.0.0}
    dev: true

  /cli-cursor@4.0.0:
    resolution: {integrity: sha512-VGtlMu3x/4DOtIUwEkRezxUZ2lBacNJCHash0N0WeZDBS+7Ux1dm3XWAgWYxLJFMMdOeXMHXorshEFhbMSGelg==}
    engines: {node: ^12.20.0 || ^14.13.1 || >=16.0.0}
    dependencies:
      restore-cursor: 4.0.0
    dev: true

  /cli-truncate@3.1.0:
    resolution: {integrity: sha512-wfOBkjXteqSnI59oPcJkcPl/ZmwvMMOj340qUIY1SKZCv0B9Cf4D4fAucRkIKQmsIuYK3x1rrgU7MeGRruiuiA==}
    engines: {node: ^12.20.0 || ^14.13.1 || >=16.0.0}
    dependencies:
      slice-ansi: 5.0.0
      string-width: 5.1.2
    dev: true

  /cliui@3.2.0:
    resolution: {integrity: sha512-0yayqDxWQbqk3ojkYqUKqaAQ6AfNKeKWRNA8kR0WXzAsdHpP4BIaOmMAG87JGuO6qcobyW4GjxHd9PmhEd+T9w==}
    dependencies:
      string-width: 1.0.2
      strip-ansi: 3.0.1
      wrap-ansi: 2.1.0
    dev: false

  /cliui@8.0.1:
    resolution: {integrity: sha512-BSeNnyus75C4//NQ9gQt1/csTXyo/8Sb+afLAkzAptFuMsod9HFokGNudZpi/oQV73hnVK+sR+5PVRMd+Dr7YQ==}
    engines: {node: '>=12'}
    dependencies:
      string-width: 4.2.3
      strip-ansi: 6.0.1
      wrap-ansi: 7.0.0
    dev: false

  /code-point-at@1.1.0:
    resolution: {integrity: sha512-RpAVKQA5T63xEj6/giIbUEtZwJ4UFIc3ZtvEkiaUERylqe8xb5IvqcgOurZLahv93CLKfxcw5YI+DZcUBRyLXA==}
    engines: {node: '>=0.10.0'}
    dev: false

  /color-convert@2.0.1:
    resolution: {integrity: sha512-RRECPsj7iu/xb5oKYcsFHSppFNnsj/52OVTRKb4zP5onXwVF3zVmmToNcOfGC+CRDpfK/U584fMg38ZHCaElKQ==}
    engines: {node: '>=7.0.0'}
    dependencies:
      color-name: 1.1.4
    dev: false

  /color-name@1.1.4:
    resolution: {integrity: sha512-dOy+3AuW3a2wNbZHIuMZpTcgjGuLU/uBL/ubcZF9OXbDo8ff4O8yVp5Bf0efS8uEoYo5q4Fx7dY9OgQGXgAsQA==}
    dev: false

  /colorette@2.0.20:
    resolution: {integrity: sha512-IfEDxwoWIjkeXL1eXcDiow4UbKjhLdq6/EuSVR9GMN7KVH3r9gQ83e73hsz1Nd1T3ijd5xv1wcWRYO+D6kCI2w==}
    dev: true

  /commander@11.0.0:
    resolution: {integrity: sha512-9HMlXtt/BNoYr8ooyjjNRdIilOTkVJXB+GhxMTtOKwk0R4j4lS4NpjuqmRxroBfnfTSHQIHQB7wryHhXarNjmQ==}
    engines: {node: '>=16'}
    dev: true

  /concat-map@0.0.1:
    resolution: {integrity: sha512-/Srv4dswyQNBfohGpz9o6Yb3Gz3SrUDqBH5rTuhGR7ahtlbYKnVxw2bCFMRljaA7EXHaXZ8wsHdodFvbkhKmqg==}
    dev: false

  /core-util-is@1.0.3:
    resolution: {integrity: sha512-ZQBvi1DcpJ4GDqanjucZ2Hj3wEO5pZDS89BWbkcrvdxksJorwUDDZamX9ldFkp9aw2lmBDLgkObEA4DWNJ9FYQ==}
    dev: false

  /create-require@1.1.1:
    resolution: {integrity: sha512-dcKFX3jn0MpIaXjisoRvexIJVEKzaq7z2rZKxf+MSr9TkdmHmsU4m2lcLojrj/FHl8mk5VxMmYA+ftRkP/3oKQ==}
    dev: false

  /cross-spawn@7.0.3:
    resolution: {integrity: sha512-iRDPJKUPVEND7dHPO8rkbOnPpyDygcDFtWjpeWNCgy8WP2rXcxXL8TskReQl6OrB2G7+UJrags1q15Fudc7G6w==}
    engines: {node: '>= 8'}
    dependencies:
      path-key: 3.1.1
      shebang-command: 2.0.0
      which: 2.0.2
    dev: true

  /debug@4.3.4:
    resolution: {integrity: sha512-PRWFHuSU3eDtQJPvnNY7Jcket1j0t5OuOsFzPPzsekD52Zl8qUfFIPEiswXqIvHWGVHOgX+7G/vCNNhehwxfkQ==}
    engines: {node: '>=6.0'}
    peerDependencies:
      supports-color: '*'
    peerDependenciesMeta:
      supports-color:
        optional: true
    dependencies:
      ms: 2.1.2
    dev: true

  /decamelize@1.2.0:
    resolution: {integrity: sha512-z2S+W9X73hAUUki+N+9Za2lBlun89zigOyGrsax+KUQ6wKW4ZoWpEYBkGhQjwAjjDCkWxhY0VKEhk8wzY7F5cA==}
    engines: {node: '>=0.10.0'}
    dev: false

  /dedent@0.6.0:
    resolution: {integrity: sha512-cSfRWjXJtZQeRuZGVvDrJroCR5V2UvBNUMHsPCdNYzuAG8b9V8aAy3KUcdQrGQPXs17Y+ojbPh1aOCplg9YR9g==}
    dev: false

  /diff@4.0.2:
    resolution: {integrity: sha512-58lmxKSA4BNyLz+HHMUzlOEpg09FV+ev6ZMe3vJihgdxzgcwZ8VoEEPmALCZG9LmqfVoNMMKpttIYTVG6uDY7A==}
    engines: {node: '>=0.3.1'}
    dev: false

  /eastasianwidth@0.2.0:
    resolution: {integrity: sha512-I88TYZWc9XiYHRQ4/3c5rjjfgkjhLyW2luGIheGERbNQ6OY7yTybanSpDXZa8y7VUP9YmDcYa+eyq4ca7iLqWA==}
    dev: true

  /emoji-regex@8.0.0:
    resolution: {integrity: sha512-MSjYzcWNOA0ewAHpz0MxpYFvwg6yjy1NG3xteoqz644VCo/RPgnr1/GGt+ic3iJTzQ8Eu3TdM14SawnVUmGE6A==}
    dev: false

  /emoji-regex@9.2.2:
    resolution: {integrity: sha512-L18DaJsXSUk2+42pv8mLs5jJT2hqFkFE4j21wOmgbUqsZ2hL72NsUU785g9RXgo3s0ZNgVl42TiHp3ZtOv/Vyg==}
    dev: true

  /escalade@3.1.1:
    resolution: {integrity: sha512-k0er2gUkLf8O0zKJiAhmkTnJlTvINGv7ygDNPbeIsX/TJjGJZHuh9B2UxbsaEkmlEo9MfhrSzmhIlhRlI2GXnw==}
    engines: {node: '>=6'}
    dev: false

  /eventemitter3@5.0.1:
    resolution: {integrity: sha512-GWkBvjiSZK87ELrYOSESUYeVIc9mvLLf/nXalMOS5dYrgZq9o5OVkbZAVM06CVxYsCwH9BDZFPlQTlPA1j4ahA==}
    dev: true

  /execa@7.2.0:
    resolution: {integrity: sha512-UduyVP7TLB5IcAQl+OzLyLcS/l32W/GLg+AhHJ+ow40FOk2U3SAllPwR44v4vmdFwIWqpdwxxpQbF1n5ta9seA==}
    engines: {node: ^14.18.0 || ^16.14.0 || >=18.0.0}
    dependencies:
      cross-spawn: 7.0.3
      get-stream: 6.0.1
      human-signals: 4.3.1
      is-stream: 3.0.0
      merge-stream: 2.0.0
      npm-run-path: 5.2.0
      onetime: 6.0.0
      signal-exit: 3.0.7
      strip-final-newline: 3.0.0
    dev: true

  /fill-range@7.0.1:
    resolution: {integrity: sha512-qOo9F+dMUmC2Lcb4BbVvnKJxTPjCm+RRpe4gDuGrzkL7mEVl/djYSu2OdQ2Pa302N4oqkSg9ir6jaLWJ2USVpQ==}
    engines: {node: '>=8'}
    dependencies:
      to-regex-range: 5.0.1
    dev: true

  /fs.realpath@1.0.0:
    resolution: {integrity: sha512-OO0pH2lK6a0hZnAdau5ItzHPI6pUlvI7jMVnxUQRtw4owF2wk8lOSabtGDCTP4Ggrg2MbGnWO9X8K1t4+fGMDw==}
    dev: false

  /generic-pool@2.4.3:
    resolution: {integrity: sha512-IuvVtXuCtPXl+wMp6eWzxWyJV0TtUSm/LnPO1TmM8/4K7stdrB3GuOVo+x6Izuc5qllayByDvXWOfT/UG0v+Kw==}
    engines: {node: '>= 0.2.0'}
    dev: false

  /get-caller-file@2.0.5:
    resolution: {integrity: sha512-DyFP3BM/3YHTQOCUL/w0OZHR0lpKeGrxotcHWcqNEdnltqFwXVfhEBQ94eIo34AfQpo0rGki4cyIiftY06h2Fg==}
    engines: {node: 6.* || 8.* || >= 10.*}
    dev: false

  /get-stream@6.0.1:
    resolution: {integrity: sha512-ts6Wi+2j3jQjqi70w5AlN8DFnkSwC+MqmxEzdEALB2qXZYV3X/b1CTfgPLGJNMeAWxdPfU8FO1ms3NUfaHCPYg==}
    engines: {node: '>=10'}
    dev: true

  /glob@7.2.3:
    resolution: {integrity: sha512-nFR0zLpU2YCaRxwoCJvL6UvCH2JFyFVIvwTLsIf21AuHlMskA1hhTdk+LlYJtOlYt9v6dvszD2BGRqBL+iQK9Q==}
    dependencies:
      fs.realpath: 1.0.0
      inflight: 1.0.6
      inherits: 2.0.4
      minimatch: 3.1.2
      once: 1.4.0
      path-is-absolute: 1.0.1
    dev: false

  /human-signals@4.3.1:
    resolution: {integrity: sha512-nZXjEF2nbo7lIw3mgYjItAfgQXog3OjJogSbKa2CQIIvSGWcKgeJnQlNXip6NglNzYH45nSRiEVimMvYL8DDqQ==}
    engines: {node: '>=14.18.0'}
    dev: true

  /husky@8.0.3:
    resolution: {integrity: sha512-+dQSyqPh4x1hlO1swXBiNb2HzTDN1I2IGLQx1GrBuiqFJfoMrnZWwVmatvSiO+Iz8fBUnf+lekwNo4c2LlXItg==}
    engines: {node: '>=14'}
    hasBin: true
    dev: true

  /inflight@1.0.6:
    resolution: {integrity: sha512-k92I/b08q4wvFscXCLvqfsHCrjrF7yiXsQuIVvVE7N82W3+aqpzuUdBbfhWcy/FZR3/4IgflMgKLOsvPDrGCJA==}
    dependencies:
      once: 1.4.0
      wrappy: 1.0.2
    dev: false

  /inherits@2.0.4:
    resolution: {integrity: sha512-k/vGaX4/Yla3WzyMCvTQOXYeIHvqOKtnqBduzTHpzpQZzAskKMhZ2K+EnBiSM9zGSoIFeMpXKxa4dYeZIQqewQ==}
    dev: false

  /invert-kv@1.0.0:
    resolution: {integrity: sha512-xgs2NH9AE66ucSq4cNG1nhSFghr5l6tdL15Pk+jl46bmmBapgoaY/AacXyaDznAqmGL99TiLSQgO/XazFSKYeQ==}
    engines: {node: '>=0.10.0'}
    dev: false

  /is-fullwidth-code-point@1.0.0:
    resolution: {integrity: sha512-1pqUqRjkhPJ9miNq9SwMfdvi6lBJcd6eFxvfaivQhaH3SgisfiuudvFntdKOmxuee/77l+FPjKrQjWvmPjWrRw==}
    engines: {node: '>=0.10.0'}
    dependencies:
      number-is-nan: 1.0.1
    dev: false

  /is-fullwidth-code-point@3.0.0:
    resolution: {integrity: sha512-zymm5+u+sCsSWyD9qNaejV3DFvhCKclKdizYaJUuHA83RLjb7nSuGnddCHGv0hk+KY7BMAlsWeK4Ueg6EV6XQg==}
    engines: {node: '>=8'}
    dev: false

  /is-fullwidth-code-point@4.0.0:
    resolution: {integrity: sha512-O4L094N2/dZ7xqVdrXhh9r1KODPJpFms8B5sGdJLPy664AgvXsreZUyCQQNItZRDlYug4xStLjNp/sz3HvBowQ==}
    engines: {node: '>=12'}
    dev: true

  /is-number@7.0.0:
    resolution: {integrity: sha512-41Cifkg6e8TylSpdtTpeLVMqvSBEVzTttHvERD741+pnZ8ANv0004MRL43QKPDlK9cGvNp6NZWZUBlbGXYxxng==}
    engines: {node: '>=0.12.0'}
    dev: true

  /is-stream@3.0.0:
    resolution: {integrity: sha512-LnQR4bZ9IADDRSkvpqMGvt/tEJWclzklNgSw48V5EAaAeDd6qGvN8ei6k5p0tvxSR171VmGyHuTiAOfxAbr8kA==}
    engines: {node: ^12.20.0 || ^14.13.1 || >=16.0.0}
    dev: true

  /isarray@1.0.0:
    resolution: {integrity: sha512-VLghIWNM6ELQzo7zwmcg0NmTVyWKYjvIeM83yjp0wRDTmUnrM678fQbcKBo6n2CJEF0szoG//ytg+TKla89ALQ==}
    dev: false

  /isexe@2.0.0:
    resolution: {integrity: sha512-RHxMLp9lnKHGHRng9QFhRCMbYAcVpn69smSGcq3f36xjgVVWThj4qqLbTLlq7Ssj8B+fIQ1EuCEGI2lKsyQeIw==}
    dev: true

  /js-string-escape@1.0.1:
    resolution: {integrity: sha512-Smw4xcfIQ5LVjAOuJCvN/zIodzA/BBSsluuoSykP+lUvScIi4U6RJLfwHet5cxFnCswUjISV8oAXaqaJDY3chg==}
    engines: {node: '>= 0.8'}
    dev: false

  /jsonschema@1.4.1:
    resolution: {integrity: sha512-S6cATIPVv1z0IlxdN+zUk5EPjkGCdnhN4wVSBlvoUO1tOLJootbo9CquNJmbIh4yikWHiUedhRYrNPn1arpEmQ==}
    dev: false

  /lcid@1.0.0:
    resolution: {integrity: sha512-YiGkH6EnGrDGqLMITnGjXtGmNtjoXw9SVUzcaos8RBi7Ps0VBylkq+vOcY9QE5poLasPCR849ucFUkl0UzUyOw==}
    engines: {node: '>=0.10.0'}
    dependencies:
      invert-kv: 1.0.0
    dev: false

  /lilconfig@2.1.0:
    resolution: {integrity: sha512-utWOt/GHzuUxnLKxB6dk81RoOeoNeHgbrXiuGk4yyF5qlRz+iIVWu56E2fqGHFrXz0QNUhLB/8nKqvRH66JKGQ==}
    engines: {node: '>=10'}
    dev: true

  /lint-staged@13.3.0:
    resolution: {integrity: sha512-mPRtrYnipYYv1FEE134ufbWpeggNTo+O/UPzngoaKzbzHAthvR55am+8GfHTnqNRQVRRrYQLGW9ZyUoD7DsBHQ==}
    engines: {node: ^16.14.0 || >=18.0.0}
    hasBin: true
    dependencies:
      chalk: 5.3.0
      commander: 11.0.0
      debug: 4.3.4
      execa: 7.2.0
      lilconfig: 2.1.0
      listr2: 6.6.1
      micromatch: 4.0.5
      pidtree: 0.6.0
      string-argv: 0.3.2
      yaml: 2.3.1
    transitivePeerDependencies:
      - enquirer
      - supports-color
    dev: true

  /listr2@6.6.1:
    resolution: {integrity: sha512-+rAXGHh0fkEWdXBmX+L6mmfmXmXvDGEKzkjxO+8mP3+nI/r/CWznVBvsibXdxda9Zz0OW2e2ikphN3OwCT/jSg==}
    engines: {node: '>=16.0.0'}
    peerDependencies:
      enquirer: '>= 2.3.0 < 3'
    peerDependenciesMeta:
      enquirer:
        optional: true
    dependencies:
      cli-truncate: 3.1.0
      colorette: 2.0.20
      eventemitter3: 5.0.1
      log-update: 5.0.1
      rfdc: 1.3.1
      wrap-ansi: 8.1.0
    dev: true

  /log-update@5.0.1:
    resolution: {integrity: sha512-5UtUDQ/6edw4ofyljDNcOVJQ4c7OjDro4h3y8e1GQL5iYElYclVHJ3zeWchylvMaKnDbDilC8irOVyexnA/Slw==}
    engines: {node: ^12.20.0 || ^14.13.1 || >=16.0.0}
    dependencies:
      ansi-escapes: 5.0.0
      cli-cursor: 4.0.0
      slice-ansi: 5.0.0
      strip-ansi: 7.1.0
      wrap-ansi: 8.1.0
    dev: true

  /make-error@1.3.6:
    resolution: {integrity: sha512-s8UhlNe7vPKomQhC1qFelMokr/Sc3AgNbso3n74mVPA5LTZwkB9NlXf4XPamLxJE8h0gh73rM94xvwRT2CVInw==}
    dev: false

  /merge-stream@2.0.0:
    resolution: {integrity: sha512-abv/qOcuPfk3URPfDzmZU1LKmuw8kT+0nIHvKrKgFrwifol/doWcdA4ZqsWQ8ENrFKkd67Mfpo/LovbIUsbt3w==}
    dev: true

  /micromatch@4.0.5:
    resolution: {integrity: sha512-DMy+ERcEW2q8Z2Po+WNXuw3c5YaUSFjAO5GsJqfEl7UjvtIuFKO6ZrKvcItdy98dwFI2N1tg3zNIdKaQT+aNdA==}
    engines: {node: '>=8.6'}
    dependencies:
      braces: 3.0.2
      picomatch: 2.3.1
    dev: true

  /mimic-fn@2.1.0:
    resolution: {integrity: sha512-OqbOk5oEQeAZ8WXWydlu9HJjz9WVdEIvamMCcXmuqUYjTknH/sqsWvhQ3vgwKFRR1HpjvNBKQ37nbJgYzGqGcg==}
    engines: {node: '>=6'}
    dev: true

  /mimic-fn@4.0.0:
    resolution: {integrity: sha512-vqiC06CuhBTUdZH+RYl8sFrL096vA45Ok5ISO6sE/Mr1jRbGH4Csnhi8f3wKVl7x8mO4Au7Ir9D3Oyv1VYMFJw==}
    engines: {node: '>=12'}
    dev: true

  /minimatch@3.1.2:
    resolution: {integrity: sha512-J7p63hRiAjw1NDEww1W7i37+ByIrOWO5XQQAzZ3VOcL0PNybwpfmV/N05zFAzwQ9USyEcX6t3UO+K5aqBQOIHw==}
    dependencies:
      brace-expansion: 1.1.11
    dev: false

  /ms@2.1.2:
    resolution: {integrity: sha512-sGkPx+VjMtmA6MX27oA4FBFELFCZZ4S4XqeGOXCv68tT+jb3vk/RyaKWP0PTKyWtmLSM0b+adUTEvbs1PEaH2w==}
    dev: true

  /mysql@2.18.1:
    resolution: {integrity: sha512-Bca+gk2YWmqp2Uf6k5NFEurwY/0td0cpebAucFpY/3jhrwrVGuxU2uQFCHjU19SJfje0yQvi+rVWdq78hR5lig==}
    engines: {node: '>= 0.6'}
    dependencies:
      bignumber.js: 9.0.0
      readable-stream: 2.3.7
      safe-buffer: 5.1.2
      sqlstring: 2.3.1
    dev: false

  /npm-run-path@5.2.0:
    resolution: {integrity: sha512-W4/tgAXFqFA0iL7fk0+uQ3g7wkL8xJmx3XdK0VGb4cHW//eZTtKGvFBBoRKVTpY7n6ze4NL9ly7rgXcHufqXKg==}
    engines: {node: ^12.20.0 || ^14.13.1 || >=16.0.0}
    dependencies:
      path-key: 4.0.0
    dev: true

  /number-is-nan@1.0.1:
    resolution: {integrity: sha512-4jbtZXNAsfZbAHiiqjLPBiCl16dES1zI4Hpzzxw61Tk+loF+sBDBKx1ICKKKwIqQ7M0mFn1TmkN7euSncWgHiQ==}
    engines: {node: '>=0.10.0'}
    dev: false

  /object-assign@4.1.0:
    resolution: {integrity: sha512-Lbc7GfN7XFaK30bzUN3cDYLOkT0dH05S0ax1QikylHUD9+Z9PRF3G1iYwX3kcz+6AlzTFGkUgMxz6l3aUwbwTA==}
    engines: {node: '>=0.10.0'}
    dev: false

  /once@1.4.0:
    resolution: {integrity: sha512-lNaJgI+2Q5URQBkccEKHTQOPaXdUxnZZElQTZY0MFUAuaEqe1E+Nyvgdz/aIyNi6Z9MzO5dv1H8n58/GELp3+w==}
    dependencies:
      wrappy: 1.0.2
    dev: false

  /onetime@5.1.2:
    resolution: {integrity: sha512-kbpaSSGJTWdAY5KPVeMOKXSrPtr8C8C7wodJbcsd51jRnmD+GZu8Y0VoU6Dm5Z4vWr0Ig/1NKuWRKf7j5aaYSg==}
    engines: {node: '>=6'}
    dependencies:
      mimic-fn: 2.1.0
    dev: true

  /onetime@6.0.0:
    resolution: {integrity: sha512-1FlR+gjXK7X+AsAHso35MnyN5KqGwJRi/31ft6x0M194ht7S+rWAvd7PHss9xSKMzE0asv1pyIHaJYq+BbacAQ==}
    engines: {node: '>=12'}
    dependencies:
      mimic-fn: 4.0.0
    dev: true

  /os-locale@1.4.0:
    resolution: {integrity: sha512-PRT7ZORmwu2MEFt4/fv3Q+mEfN4zetKxufQrkShY2oGvUms9r8otu5HfdyIFHkYXjO7laNsoVGmM2MANfuTA8g==}
    engines: {node: '>=0.10.0'}
    dependencies:
      lcid: 1.0.0
    dev: false

  /packet-reader@0.3.1:
    resolution: {integrity: sha512-5hN3f+rVT3PRjNI+GYUKTolUo5Yhypmo97D5+6On6L4bVhnno5wzGTT3agB9u7llRfw6pEV4I1/obWSXTKDY1w==}
    dev: false

  /path-equal@1.2.5:
    resolution: {integrity: sha512-i73IctDr3F2W+bsOWDyyVm/lqsXO47aY9nsFZUjTT/aljSbkxHxxCoyZ9UUrM8jK0JVod+An+rl48RCsvWM+9g==}
    dev: false

  /path-is-absolute@1.0.1:
    resolution: {integrity: sha512-AVbw3UJ2e9bq64vSaS9Am0fje1Pa8pbGqTTsmXfaIiMpnr5DlDhfJOuLj9Sf95ZPVDAUerDfEk88MPmPe7UCQg==}
    engines: {node: '>=0.10.0'}
    dev: false

  /path-key@3.1.1:
    resolution: {integrity: sha512-ojmeN0qd+y0jszEtoY48r0Peq5dwMEkIlCOu6Q5f41lfkswXuKtYrhgoTpLnyIcHm24Uhqx+5Tqm2InSwLhE6Q==}
    engines: {node: '>=8'}
    dev: true

  /path-key@4.0.0:
    resolution: {integrity: sha512-haREypq7xkM7ErfgIyA0z+Bj4AGKlMSdlQE2jvJo6huWD1EdkKYV+G/T4nq0YEF2vgTT8kqMFKo1uHn950r4SQ==}
    engines: {node: '>=12'}
    dev: true

  /pg-connection-string@0.1.3:
    resolution: {integrity: sha512-i0NV/CrSkFTaiOQs9AGy3tq0dkSjtTd4d7DfsjeDVZAA4aIHInwfFEmriNYGGJUfZ5x6IAC/QddoUpUJjQAi0w==}
    dev: false

  /pg-int8@1.0.1:
    resolution: {integrity: sha512-WCtabS6t3c8SkpDBUlb1kjOs7l66xsGdKpIPZsg4wR+B3+u9UAum2odSsF9tnvxg80h4ZxLWMy4pRjOsFIqQpw==}
    engines: {node: '>=4.0.0'}
    dev: false

  /pg-pool@1.8.0:
    resolution: {integrity: sha512-+X9J1FiucG3wpNIp/InfBWBn3vq/gpwzotKifnOPIRAyt7EhGBKyUFnJoAzhuQkU+EKb/VsW9csDcAzzAoPXGg==}
    dependencies:
      generic-pool: 2.4.3
      object-assign: 4.1.0
    dev: false

  /pg-types@1.13.0:
    resolution: {integrity: sha512-lfKli0Gkl/+za/+b6lzENajczwZHc7D5kiUCZfgm914jipD2kIOIvEkAhZ8GrW3/TUoP9w8FHjwpPObBye5KQQ==}
    dependencies:
      pg-int8: 1.0.1
      postgres-array: 1.0.3
      postgres-bytea: 1.0.0
      postgres-date: 1.0.7
      postgres-interval: 1.2.0
    dev: false

  /pg@6.4.2:
    resolution: {integrity: sha512-ytdBy5prmCLKJ+djccqS5oQW6+sUsQGCcCFtVe8Or4Zmo3buaWSVHMnkpSuhhdG7dBbkMHThXblShzHc0atDDg==}
    engines: {node: '>= 0.8.0'}
    dependencies:
      buffer-writer: 1.0.1
      js-string-escape: 1.0.1
      packet-reader: 0.3.1
      pg-connection-string: 0.1.3
      pg-pool: 1.8.0
      pg-types: 1.13.0
      pgpass: 1.0.5
      semver: 4.3.2
    dev: false

  /pgpass@1.0.5:
    resolution: {integrity: sha512-FdW9r/jQZhSeohs1Z3sI1yxFQNFvMcnmfuj4WBMUTxOrAyLMaTcE1aAMBiTlbMNaXvBCQuVi0R7hd8udDSP7ug==}
    dependencies:
      split2: 4.2.0
    dev: false

  /picomatch@2.3.1:
    resolution: {integrity: sha512-JU3teHTNjmE2VCGFzuY8EXzCDVwEqB2a8fsIvwaStHhAWJEeVd1o1QD80CU6+ZdEXXSLbSsuLwJjkCBWqRQUVA==}
    engines: {node: '>=8.6'}
    dev: true

  /pidtree@0.6.0:
    resolution: {integrity: sha512-eG2dWTVw5bzqGRztnHExczNxt5VGsE6OwTeCG3fdUf9KBsZzO3R5OIIIzWR+iZA0NtZ+RDVdaoE2dK1cn6jH4g==}
    engines: {node: '>=0.10'}
    hasBin: true
    dev: true

  /postgres-array@1.0.3:
    resolution: {integrity: sha512-5wClXrAP0+78mcsNX3/ithQ5exKvCyK5lr5NEEEeGwwM6NJdQgzIJBVxLvRW+huFpX92F2QnZ5CcokH0VhK2qQ==}
    engines: {node: '>=0.10.0'}
    dev: false

  /postgres-bytea@1.0.0:
    resolution: {integrity: sha512-xy3pmLuQqRBZBXDULy7KbaitYqLcmxigw14Q5sj8QBVLqEwXfeybIKVWiqAXTlcvdvb0+xkOtDbfQMOf4lST1w==}
    engines: {node: '>=0.10.0'}
    dev: false

  /postgres-date@1.0.7:
    resolution: {integrity: sha512-suDmjLVQg78nMK2UZ454hAG+OAW+HQPZ6n++TNDUX+L0+uUlLywnoxJKDou51Zm+zTCjrCl0Nq6J9C5hP9vK/Q==}
    engines: {node: '>=0.10.0'}
    dev: false

  /postgres-interval@1.2.0:
    resolution: {integrity: sha512-9ZhXKM/rw350N1ovuWHbGxnGh/SNJ4cnxHiM0rxE4VN41wsg8P8zWn9hv/buK00RP4WvlOyr/RBDiptyxVbkZQ==}
    engines: {node: '>=0.10.0'}
    dependencies:
      xtend: 4.0.2
    dev: false

  /prettier@2.8.4:
    resolution: {integrity: sha512-vIS4Rlc2FNh0BySk3Wkd6xmwxB0FpOndW5fisM5H8hsZSxU2VWVB5CWIkIjWvrHjIhxk2g3bfMKM87zNTrZddw==}
    engines: {node: '>=10.13.0'}
    hasBin: true
    dev: false

  /process-nextick-args@2.0.1:
    resolution: {integrity: sha512-3ouUOpQhtgrbOa17J7+uxOTpITYWaGP7/AhoR3+A+/1e9skrzelGi/dXzEYyvbxubEF6Wn2ypscTKiKJFFn1ag==}
    dev: false

  /pync@1.0.3:
    resolution: {integrity: sha512-iVBqJAgIIcMuEqSqrPGxrSh9HTEUfkl7jkoHFaS+caSGeQ3xU8roD4ibAUSj4VtiIjqM6S2V2owV/DNPZ+Dp1A==}
    dev: false

  /readable-stream@2.3.7:
    resolution: {integrity: sha512-Ebho8K4jIbHAxnuxi7o42OrZgF/ZTNcsZj6nRKyUmkhLFq8CHItp/fy6hQZuZmP/n3yZ9VBUbp4zz/mX8hmYPw==}
    dependencies:
      core-util-is: 1.0.3
      inherits: 2.0.4
      isarray: 1.0.0
      process-nextick-args: 2.0.1
      safe-buffer: 5.1.2
      string_decoder: 1.1.1
      util-deprecate: 1.0.2
    dev: false

  /require-directory@2.1.1:
    resolution: {integrity: sha512-fGxEI7+wsG9xrvdjsrlmL22OMTTiHRwAMroiEeMgq8gzoLC/PQr7RsRDSTLUg/bZAZtF+TVIkHc6/4RIKrui+Q==}
    engines: {node: '>=0.10.0'}
    dev: false

  /restore-cursor@4.0.0:
    resolution: {integrity: sha512-I9fPXU9geO9bHOt9pHHOhOkYerIMsmVaWB0rA2AI9ERh/+x/i7MV5HKBNrg+ljO5eoPVgCcnFuRjJ9uH6I/3eg==}
    engines: {node: ^12.20.0 || ^14.13.1 || >=16.0.0}
    dependencies:
      onetime: 5.1.2
      signal-exit: 3.0.7
    dev: true

  /rfdc@1.3.1:
    resolution: {integrity: sha512-r5a3l5HzYlIC68TpmYKlxWjmOP6wiPJ1vWv2HeLhNsRZMrCkxeqxiHlQ21oXmQ4F3SiryXBHhAD7JZqvOJjFmg==}
    dev: true

  /rimraf@3.0.2:
    resolution: {integrity: sha512-JZkJMZkAGFFPP2YqXZXPbMlMBgsxzE8ILs4lMIX/2o0L9UBw9O/Y3o6wFw/i9YLapcUJWwqbi3kdxIPdC62TIA==}
    hasBin: true
    dependencies:
      glob: 7.2.3
    dev: false

  /safe-buffer@5.1.2:
    resolution: {integrity: sha512-Gd2UZBJDkXlY7GbJxfsE8/nvKkUEU1G38c1siN6QP6a9PT9MmHB8GnpscSmMJSoF8LOIrt8ud/wPtojys4G6+g==}
    dev: false

  /safe-stable-stringify@2.4.3:
    resolution: {integrity: sha512-e2bDA2WJT0wxseVd4lsDP4+3ONX6HpMXQa1ZhFQ7SU+GjvORCmShbCMltrtIDfkYhVHrOcPtj+KhmDBdPdZD1g==}
    engines: {node: '>=10'}
    dev: false

  /semver@4.3.2:
    resolution: {integrity: sha512-VyFUffiBx8hABJ9HYSTXLRwyZtdDHMzMtFmID1aiNAD2BZppBmJm0Hqw3p2jkgxP9BNt1pQ9RnC49P0EcXf6cA==}
    hasBin: true
    dev: false

  /shebang-command@2.0.0:
    resolution: {integrity: sha512-kHxr2zZpYtdmrN1qDjrrX/Z1rR1kG8Dx+gkpK1G4eXmvXswmcE1hTWBWYUzlraYw1/yZp6YuDY77YtvbN0dmDA==}
    engines: {node: '>=8'}
    dependencies:
      shebang-regex: 3.0.0
    dev: true

  /shebang-regex@3.0.0:
    resolution: {integrity: sha512-7++dFhtcx3353uBaq8DDR4NuxBetBzC7ZQOhmTQInHEd6bSrXdiEyzCvG07Z44UYdLShWUyXt5M/yhz8ekcb1A==}
    engines: {node: '>=8'}
    dev: true

  /signal-exit@3.0.7:
    resolution: {integrity: sha512-wnD2ZE+l+SPC/uoS0vXeE9L1+0wuaMqKlfz9AMUo38JsyLSBWSFcHR1Rri62LZc12vLr1gb3jl7iwQhgwpAbGQ==}
    dev: true

  /slice-ansi@5.0.0:
    resolution: {integrity: sha512-FC+lgizVPfie0kkhqUScwRu1O/lF6NOgJmlCgK+/LYxDCTk8sGelYaHDhFcDN+Sn3Cv+3VSa4Byeo+IMCzpMgQ==}
    engines: {node: '>=12'}
    dependencies:
      ansi-styles: 6.2.1
      is-fullwidth-code-point: 4.0.0
    dev: true

  /split2@4.2.0:
    resolution: {integrity: sha512-UcjcJOWknrNkF6PLX83qcHM6KHgVKNkV62Y8a5uYDVv9ydGQVwAHMKqHdJje1VTWpljG0WYpCDhrCdAOYH4TWg==}
    engines: {node: '>= 10.x'}
    dev: false

  /sqlstring@2.3.1:
    resolution: {integrity: sha512-ooAzh/7dxIG5+uDik1z/Rd1vli0+38izZhGzSa34FwR7IbelPWCCKSNIl8jlL/F7ERvy8CB2jNeM1E9i9mXMAQ==}
    engines: {node: '>= 0.6'}
    dev: false

  /string-argv@0.3.2:
    resolution: {integrity: sha512-aqD2Q0144Z+/RqG52NeHEkZauTAUWJO8c6yTftGJKO3Tja5tUgIfmIl6kExvhtxSDP7fXB6DvzkfMpCd/F3G+Q==}
    engines: {node: '>=0.6.19'}
    dev: true

  /string-width@1.0.2:
    resolution: {integrity: sha512-0XsVpQLnVCXHJfyEs8tC0zpTVIr5PKKsQtkT29IwupnPTjtPmQ3xT/4yCREF9hYkV/3M3kzcUTSAZT6a6h81tw==}
    engines: {node: '>=0.10.0'}
    dependencies:
      code-point-at: 1.1.0
      is-fullwidth-code-point: 1.0.0
      strip-ansi: 3.0.1
    dev: false

  /string-width@4.2.3:
    resolution: {integrity: sha512-wKyQRQpjJ0sIp62ErSZdGsjMJWsap5oRNihHhu6G7JVO/9jIB6UyevL+tXuOqrng8j/cxKTWyWUwvSTriiZz/g==}
    engines: {node: '>=8'}
    dependencies:
      emoji-regex: 8.0.0
      is-fullwidth-code-point: 3.0.0
      strip-ansi: 6.0.1
    dev: false

  /string-width@5.1.2:
    resolution: {integrity: sha512-HnLOCR3vjcY8beoNLtcjZ5/nxn2afmME6lhrDrebokqMap+XbeW8n9TXpPDOqdGK5qcI3oT0GKTW6wC7EMiVqA==}
    engines: {node: '>=12'}
    dependencies:
      eastasianwidth: 0.2.0
      emoji-regex: 9.2.2
      strip-ansi: 7.1.0
    dev: true

  /string_decoder@1.1.1:
    resolution: {integrity: sha512-n/ShnvDi6FHbbVfviro+WojiFzv+s8MPMHBczVePfUpDJLwoLT0ht1l4YwBCbi8pJAveEEdnkHyPyTP/mzRfwg==}
    dependencies:
      safe-buffer: 5.1.2
    dev: false

  /strip-ansi@3.0.1:
    resolution: {integrity: sha512-VhumSSbBqDTP8p2ZLKj40UjBCV4+v8bUSEpUb4KjRgWk9pbqGF4REFj6KEagidb2f/M6AzC0EmFyDNGaw9OCzg==}
    engines: {node: '>=0.10.0'}
    dependencies:
      ansi-regex: 2.1.1
    dev: false

  /strip-ansi@6.0.1:
    resolution: {integrity: sha512-Y38VPSHcqkFrCpFnQ9vuSXmquuv5oXOKpGeT6aGrr3o3Gc9AlVa6JBfUSOCnbxGGZF+/0ooI7KrPuUSztUdU5A==}
    engines: {node: '>=8'}
    dependencies:
      ansi-regex: 5.0.1
    dev: false

  /strip-ansi@7.1.0:
    resolution: {integrity: sha512-iq6eVVI64nQQTRYq2KtEg2d2uU7LElhTJwsH4YzIHZshxlgZms/wIc4VoDQTlG/IvVIrBKG06CrZnp0qv7hkcQ==}
    engines: {node: '>=12'}
    dependencies:
      ansi-regex: 6.0.1
    dev: true

  /strip-final-newline@3.0.0:
    resolution: {integrity: sha512-dOESqjYr96iWYylGObzd39EuNTa5VJxyvVAEm5Jnh7KGo75V43Hk1odPQkNDyXNmUR6k+gEiDVXnjB8HJ3crXw==}
    engines: {node: '>=12'}
    dev: true

  /tmp@0.2.1:
    resolution: {integrity: sha512-76SUhtfqR2Ijn+xllcI5P1oyannHNHByD80W1q447gU3mp9G9PSpGdWmjUOHRDPiHYacIk66W7ubDTuPF3BEtQ==}
    engines: {node: '>=8.17.0'}
    dependencies:
      rimraf: 3.0.2
    dev: false

  /to-regex-range@5.0.1:
    resolution: {integrity: sha512-65P7iz6X5yEr1cwcgvQxbbIw7Uk3gOy5dIdtZ4rDveLqhrdJP+Li/Hx6tyK0NEb+2GCyneCMJiGqrADCSNk8sQ==}
    engines: {node: '>=8.0'}
    dependencies:
      is-number: 7.0.0
    dev: true

  /ts-node@10.9.2(@types/node@16.18.79)(typescript@4.6.4):
    resolution: {integrity: sha512-f0FFpIdcHgn8zcPSbf1dRevwt047YMnaiJM3u2w2RewrB+fob/zePZcrOyQoLMMO7aBIddLcQIEK5dYjkLnGrQ==}
    hasBin: true
    peerDependencies:
      '@swc/core': '>=1.2.50'
      '@swc/wasm': '>=1.2.50'
      '@types/node': '*'
      typescript: '>=2.7'
    peerDependenciesMeta:
      '@swc/core':
        optional: true
      '@swc/wasm':
        optional: true
    dependencies:
      '@cspotcode/source-map-support': 0.8.1
      '@tsconfig/node10': 1.0.9
      '@tsconfig/node12': 1.0.11
      '@tsconfig/node14': 1.0.3
      '@tsconfig/node16': 1.0.4
      '@types/node': 16.18.79
      acorn: 8.11.3
      acorn-walk: 8.3.2
      arg: 4.1.3
      create-require: 1.1.1
      diff: 4.0.2
      make-error: 1.3.6
      typescript: 4.6.4
      v8-compile-cache-lib: 3.0.1
      yn: 3.1.1
    dev: false

  /type-fest@1.4.0:
    resolution: {integrity: sha512-yGSza74xk0UG8k+pLh5oeoYirvIiWo5t0/o3zHHAO2tRDiZcxWP7fywNlXhqb6/r6sWvwi+RsyQMWhVLe4BVuA==}
    engines: {node: '>=10'}
    dev: true

  /typescript-json-schema@0.54.0:
    resolution: {integrity: sha512-/MNhm1pjdxXiVspjjyRCrQAA1B768cRzHU83aIqN5vQqQEW2NgyyKOfcguiRIMM64lseIZIelegnHOHEu7YDCg==}
    hasBin: true
    dependencies:
      '@types/json-schema': 7.0.15
      '@types/node': 16.18.79
      glob: 7.2.3
      path-equal: 1.2.5
      safe-stable-stringify: 2.4.3
      ts-node: 10.9.2(@types/node@16.18.79)(typescript@4.6.4)
      typescript: 4.6.4
      yargs: 17.7.2
    transitivePeerDependencies:
      - '@swc/core'
      - '@swc/wasm'
    dev: false

  /typescript@4.6.4:
    resolution: {integrity: sha512-9ia/jWHIEbo49HfjrLGfKbZSuWo9iTMwXO+Ca3pRsSpbsMbc7/IU8NKdCZVRRBafVPGnoJeFL76ZOAA84I9fEg==}
    engines: {node: '>=4.2.0'}
    hasBin: true
    dev: false

  /underscore@1.13.6:
    resolution: {integrity: sha512-+A5Sja4HP1M08MaXya7p5LvjuM7K6q/2EaC0+iovj/wOcMsTzMvDFbasi/oSapiwOlt252IqsKqPjCl7huKS0A==}
    dev: false

  /util-deprecate@1.0.2:
    resolution: {integrity: sha512-EPD5q1uXyFxJpCrLnCc1nHnq3gOa6DZBocAIiI2TaSCA7VCJ1UJDMagCzIkXNsUYfD1daK//LTEQ8xiIbrHtcw==}
    dev: false

  /v8-compile-cache-lib@3.0.1:
    resolution: {integrity: sha512-wa7YjyUGfNZngI/vtK0UHAN+lgDCxBPCylVXGp0zu59Fz5aiGtNXaq3DhIov063MorB+VfufLh3JlF2KdTK3xg==}
    dev: false

  /which@2.0.2:
    resolution: {integrity: sha512-BLI3Tl1TW3Pvl70l3yq3Y64i+awpwXqsGBYWkkqMtnbXgrMD+yj7rhW0kuEDxzJaYXGjEW5ogapKNMEKNMjibA==}
    engines: {node: '>= 8'}
    hasBin: true
    dependencies:
      isexe: 2.0.0
    dev: true

  /window-size@0.1.4:
    resolution: {integrity: sha512-2thx4pB0cV3h+Bw7QmMXcEbdmOzv9t0HFplJH/Lz6yu60hXYy5RT8rUu+wlIreVxWsGN20mo+MHeCSfUpQBwPw==}
    engines: {node: '>= 0.10.0'}
    hasBin: true
    dev: false

  /wrap-ansi@2.1.0:
    resolution: {integrity: sha512-vAaEaDM946gbNpH5pLVNR+vX2ht6n0Bt3GXwVB1AuAqZosOvHNF3P7wDnh8KLkSqgUh0uh77le7Owgoz+Z9XBw==}
    engines: {node: '>=0.10.0'}
    dependencies:
      string-width: 1.0.2
      strip-ansi: 3.0.1
    dev: false

  /wrap-ansi@7.0.0:
    resolution: {integrity: sha512-YVGIj2kamLSTxw6NsZjoBxfSwsn0ycdesmc4p+Q21c5zPuZ1pl+NfxVdxPtdHvmNVOQ6XSYG4AUtyt/Fi7D16Q==}
    engines: {node: '>=10'}
    dependencies:
      ansi-styles: 4.3.0
      string-width: 4.2.3
      strip-ansi: 6.0.1
    dev: false

  /wrap-ansi@8.1.0:
    resolution: {integrity: sha512-si7QWI6zUMq56bESFvagtmzMdGOtoxfR+Sez11Mobfc7tm+VkUckk9bW2UeffTGVUbOksxmSw0AA2gs8g71NCQ==}
    engines: {node: '>=12'}
    dependencies:
      ansi-styles: 6.2.1
      string-width: 5.1.2
      strip-ansi: 7.1.0
    dev: true

  /wrappy@1.0.2:
    resolution: {integrity: sha512-l4Sp/DRseor9wL6EvV2+TuQn63dMkPjZ/sp9XkghTEbV9KlPS1xUsZ3u7/IQO4wxtcFB4bgpQPRcR3QCvezPcQ==}
    dev: false

  /xtend@4.0.2:
    resolution: {integrity: sha512-LKYU1iAXJXUgAXn9URjiu+MWhyUXHsvfp7mcuYm9dSUKK0/CjtrUwFAxD82/mCWbtLsGjFIad0wIsod4zrTAEQ==}
    engines: {node: '>=0.4'}
    dev: false

  /y18n@3.2.2:
    resolution: {integrity: sha512-uGZHXkHnhF0XeeAPgnKfPv1bgKAYyVvmNL1xlKsPYZPaIHxGti2hHqvOCQv71XMsLxu1QjergkqogUnms5D3YQ==}
    dev: false

  /y18n@5.0.8:
    resolution: {integrity: sha512-0pfFzegeDWJHJIAmTLRP2DwHjdF5s7jo9tuztdQxAhINCdvS+3nGINqPd00AphqJR/0LhANUS6/+7SCb98YOfA==}
    engines: {node: '>=10'}
    dev: false

  /yaml@2.3.1:
    resolution: {integrity: sha512-2eHWfjaoXgTBC2jNM1LRef62VQa0umtvRiDSk6HSzW7RvS5YtkabJrwYLLEKWBc8a5U2PTSCs+dJjUTJdlHsWQ==}
    engines: {node: '>= 14'}
    dev: true

  /yargs-parser@21.1.1:
    resolution: {integrity: sha512-tVpsJW7DdjecAiFpbIB1e3qxIQsE6NoPc5/eTdrbbIC4h0LVsWhnoa3g+m2HclBIujHzsxZ4VJVA+GUuc2/LBw==}
    engines: {node: '>=12'}
    dev: false

  /yargs@17.7.2:
    resolution: {integrity: sha512-7dSzzRQ++CKnNI/krKnYRV7JKKPUXMEh61soaHKg9mrWEhzFWhFnxPxGl+69cD1Ou63C13NUPCnmIcrvqCuM6w==}
    engines: {node: '>=12'}
    dependencies:
      cliui: 8.0.1
      escalade: 3.1.1
      get-caller-file: 2.0.5
      require-directory: 2.1.1
      string-width: 4.2.3
      y18n: 5.0.8
      yargs-parser: 21.1.1
    dev: false

  /yargs@3.32.0:
    resolution: {integrity: sha512-ONJZiimStfZzhKamYvR/xvmgW3uEkAUFSP91y2caTEPhzF6uP2JfPiVZcq66b/YR0C3uitxSV7+T1x8p5bkmMg==}
    dependencies:
      camelcase: 2.1.1
      cliui: 3.2.0
      decamelize: 1.2.0
      os-locale: 1.4.0
      string-width: 1.0.2
      window-size: 0.1.4
      y18n: 3.2.2
    dev: false

  /yn@3.1.1:
    resolution: {integrity: sha512-Ux4ygGWsu2c7isFWe8Yu1YluJmqVhxqK2cLXNQA5AcC3QfbGNpM7fu0Y8b/z16pXLnFxZYvWhd3fhBY9DLmC6Q==}
    engines: {node: '>=6'}
    dev: false

  github.com/snppla/dbdiff/0b88d959761f8535813488b84b48b4bed5918e9c:
    resolution: {tarball: https://codeload.github.com/snppla/dbdiff/tar.gz/0b88d959761f8535813488b84b48b4bed5918e9c}
    name: dbdiff
    version: 0.5.3
    hasBin: true
    dependencies:
      dedent: 0.6.0
      mysql: 2.18.1
      pg: 6.4.2
      pync: 1.0.3
      underscore: 1.13.6
      yargs: 3.32.0
    dev: false
